
Microsoft Visual Studio Solution File, Format Version 12.00
# Visual Studio Version 17
VisualStudioVersion = 17.7.34031.279
MinimumVisualStudioVersion = 10.0.40219.1
Project("{FAE04EC0-301F-11D3-BF4B-00C04F79EFBC}") = "SubscriberClient", "Subscriber\SubscriberClient.csproj", "{FCD7B030-9CB6-4207-8387-FF79D8DBDE81}"
EndProject
Global
	GlobalSection(SolutionConfigurationPlatforms) = preSolution
		Debug|Any CPU = Debug|Any CPU
		Release|Any CPU = Release|Any CPU
	EndGlobalSection
	GlobalSection(ProjectConfigurationPlatforms) = postSolution
		{FCD7B030-9CB6-4207-8387-FF79D8DBDE81}.Debug|Any CPU.ActiveCfg = Debug|Any CPU
		{FCD7B030-9CB6-4207-8387-FF79D8DBDE81}.Debug|Any CPU.Build.0 = Debug|Any CPU
		{FCD7B030-9CB6-4207-8387-FF79D8DBDE81}.Release|Any CPU.ActiveCfg = Release|Any CPU
		{FCD7B030-9CB6-4207-8387-FF79D8DBDE81}.Release|Any CPU.Build.0 = Release|Any CPU
	EndGlobalSection
	GlobalSection(SolutionProperties) = preSolution
		HideSolutionNode = FALSE
	EndGlobalSection
	GlobalSection(ExtensibilityGlobals) = postSolution
		SolutionGuid = {5EF8D3DC-7149-44C2-9E83-477A94DD3E1F}
	EndGlobalSection
EndGlobal
