
Microsoft Visual Studio Solution File, Format Version 12.00
# Visual Studio Version 17
VisualStudioVersion = 17.7.34031.279
MinimumVisualStudioVersion = 10.0.40219.1
Project("{2150E333-8FDC-42A3-9474-1A3956D46DE8}") = "Source", "Source", "{9A8304C3-7B55-4C44-997F-BB8CA60B1297}"
EndProject
Project("{2150E333-8FDC-42A3-9474-1A3956D46DE8}") = "Tests", "Tests", "{448B9D7E-E513-431B-94BC-CBE4223835DC}"
EndProject
Project("{2150E333-8FDC-42A3-9474-1A3956D46DE8}") = "3-Cross Cutting Concerns", "3-Cross Cutting Concerns", "{F0BB9FC7-C1CC-48A9-B44E-B9112D5414DE}"
EndProject
Project("{2150E333-8FDC-42A3-9474-1A3956D46DE8}") = "2-Adapters", "2-Adapters", "{2956D132-FD4C-437A-8CF9-431E41EBB704}"
EndProject
Project("{2150E333-8FDC-42A3-9474-1A3956D46DE8}") = "1-Application", "1-Application", "{959D7663-AE6B-421C-95E9-52E738D952E9}"
EndProject
Project("{2150E333-8FDC-42A3-9474-1A3956D46DE8}") = "0-Domain", "0-Domain", "{EBE2EBAB-AFC4-44C9-B53F-F1D24D6A9892}"
EndProject
Project("{2150E333-8FDC-42A3-9474-1A3956D46DE8}") = "Presentation", "Presentation", "{842377A5-F949-49BA-B40E-FF31CA62DB47}"
EndProject
Project("{2150E333-8FDC-42A3-9474-1A3956D46DE8}") = "Infrastructure", "Infrastructure", "{289454CA-6F5E-44D2-8E21-26AC60376287}"
EndProject
Project("{9A19103F-16F7-4668-BE54-9A1E7A4F7556}") = "Domain.ProtoTransitTests", "Domain.ProtoTransitTests\Domain.ProtoTransitTests.csproj", "{C1B9F86C-D459-43A5-841A-2EBD4A2F663B}"
EndProject
Project("{2150E333-8FDC-42A3-9474-1A3956D46DE8}") = "01 abstraction", "01 abstraction", "{46528DB7-94C5-43FC-9EC0-1B86B659EC15}"
EndProject
Project("{9A19103F-16F7-4668-BE54-9A1E7A4F7556}") = "SmallTransit.Abstractions", "SmallTransit.Abstractions\SmallTransit.Abstractions.csproj", "{F5CF26BE-48FC-451F-B2B2-CF3FFEDB4F02}"
EndProject
Project("{9A19103F-16F7-4668-BE54-9A1E7A4F7556}") = "SmallTransit", "SmallTransit\SmallTransit.csproj", "{4A90F4ED-A851-48E6-8C9E-BC145BCB5B1F}"
EndProject
Project("{9A19103F-16F7-4668-BE54-9A1E7A4F7556}") = "SmallTransit.Presentation.Controllers", "SmallTransit.Presentation.Controllers\SmallTransit.Presentation.Controllers.csproj", "{A21FB6AF-E6B0-41BD-A7A5-EFCA74B723F9}"
EndProject
Project("{9A19103F-16F7-4668-BE54-9A1E7A4F7556}") = "SmallTransit.Infrastructure.TcpClient", "SmallTransit.Infrastructure.TcpClient\SmallTransit.Infrastructure.TcpClient.csproj", "{B919FAA5-8A03-4741-A87D-5380D56B76D8}"
EndProject
Project("{9A19103F-16F7-4668-BE54-9A1E7A4F7556}") = "SmallTransit.Application.Services", "SmallTransit.Application.Services\SmallTransit.Application.Services.csproj", "{0685F8D3-2F11-4F33-8B48-93FBE168508E}"
EndProject
Project("{9A19103F-16F7-4668-BE54-9A1E7A4F7556}") = "SmallTransit.Application.UseCases", "SmallTransit.Application.Usecases\SmallTransit.Application.UseCases.csproj", "{262AC590-F6D5-4B2C-BD61-BA3C46B3E2F7}"
EndProject
Project("{9A19103F-16F7-4668-BE54-9A1E7A4F7556}") = "SmallTransit.Domain.Common", "SmallTransit.Domain.Common\SmallTransit.Domain.Common.csproj", "{6515BE31-5E81-4089-B871-4675107F6350}"
EndProject
Project("{9A19103F-16F7-4668-BE54-9A1E7A4F7556}") = "SmallTransit.Domain.ProtoTransit", "SmallTransit.Domain.ProtoTransit\SmallTransit.Domain.ProtoTransit.csproj", "{FAA3253D-CC0C-4764-B4A5-CA3EE25F5CBF}"
EndProject
Project("{9A19103F-16F7-4668-BE54-9A1E7A4F7556}") = "SmallTransit.Domain.Services", "SmallTransit.Domain.Services\SmallTransit.Domain.Services.csproj", "{926269D4-B146-409F-A2D4-CC4BD4171960}"
EndProject
Project("{9A19103F-16F7-4668-BE54-9A1E7A4F7556}") = "Integration", "SmallTransit.Integration\Integration.csproj", "{92E465E1-F6A8-4525-9BD9-B044052F439B}"
EndProject
Global
	GlobalSection(SolutionConfigurationPlatforms) = preSolution
		Debug|Any CPU = Debug|Any CPU
		Release|Any CPU = Release|Any CPU
	EndGlobalSection
	GlobalSection(ProjectConfigurationPlatforms) = postSolution
		{C1B9F86C-D459-43A5-841A-2EBD4A2F663B}.Debug|Any CPU.ActiveCfg = Debug|Any CPU
		{C1B9F86C-D459-43A5-841A-2EBD4A2F663B}.Debug|Any CPU.Build.0 = Debug|Any CPU
		{C1B9F86C-D459-43A5-841A-2EBD4A2F663B}.Release|Any CPU.ActiveCfg = Release|Any CPU
		{C1B9F86C-D459-43A5-841A-2EBD4A2F663B}.Release|Any CPU.Build.0 = Release|Any CPU
		{F5CF26BE-48FC-451F-B2B2-CF3FFEDB4F02}.Debug|Any CPU.ActiveCfg = Debug|Any CPU
		{F5CF26BE-48FC-451F-B2B2-CF3FFEDB4F02}.Debug|Any CPU.Build.0 = Debug|Any CPU
		{F5CF26BE-48FC-451F-B2B2-CF3FFEDB4F02}.Release|Any CPU.ActiveCfg = Release|Any CPU
		{F5CF26BE-48FC-451F-B2B2-CF3FFEDB4F02}.Release|Any CPU.Build.0 = Release|Any CPU
		{4A90F4ED-A851-48E6-8C9E-BC145BCB5B1F}.Debug|Any CPU.ActiveCfg = Debug|Any CPU
		{4A90F4ED-A851-48E6-8C9E-BC145BCB5B1F}.Debug|Any CPU.Build.0 = Debug|Any CPU
		{4A90F4ED-A851-48E6-8C9E-BC145BCB5B1F}.Release|Any CPU.ActiveCfg = Release|Any CPU
		{4A90F4ED-A851-48E6-8C9E-BC145BCB5B1F}.Release|Any CPU.Build.0 = Release|Any CPU
		{A21FB6AF-E6B0-41BD-A7A5-EFCA74B723F9}.Debug|Any CPU.ActiveCfg = Debug|Any CPU
		{A21FB6AF-E6B0-41BD-A7A5-EFCA74B723F9}.Debug|Any CPU.Build.0 = Debug|Any CPU
		{A21FB6AF-E6B0-41BD-A7A5-EFCA74B723F9}.Release|Any CPU.ActiveCfg = Release|Any CPU
		{A21FB6AF-E6B0-41BD-A7A5-EFCA74B723F9}.Release|Any CPU.Build.0 = Release|Any CPU
		{B919FAA5-8A03-4741-A87D-5380D56B76D8}.Debug|Any CPU.ActiveCfg = Debug|Any CPU
		{B919FAA5-8A03-4741-A87D-5380D56B76D8}.Debug|Any CPU.Build.0 = Debug|Any CPU
		{B919FAA5-8A03-4741-A87D-5380D56B76D8}.Release|Any CPU.ActiveCfg = Release|Any CPU
		{B919FAA5-8A03-4741-A87D-5380D56B76D8}.Release|Any CPU.Build.0 = Release|Any CPU
		{0685F8D3-2F11-4F33-8B48-93FBE168508E}.Debug|Any CPU.ActiveCfg = Debug|Any CPU
		{0685F8D3-2F11-4F33-8B48-93FBE168508E}.Debug|Any CPU.Build.0 = Debug|Any CPU
		{0685F8D3-2F11-4F33-8B48-93FBE168508E}.Release|Any CPU.ActiveCfg = Release|Any CPU
		{0685F8D3-2F11-4F33-8B48-93FBE168508E}.Release|Any CPU.Build.0 = Release|Any CPU
		{262AC590-F6D5-4B2C-BD61-BA3C46B3E2F7}.Debug|Any CPU.ActiveCfg = Debug|Any CPU
		{262AC590-F6D5-4B2C-BD61-BA3C46B3E2F7}.Debug|Any CPU.Build.0 = Debug|Any CPU
		{262AC590-F6D5-4B2C-BD61-BA3C46B3E2F7}.Release|Any CPU.ActiveCfg = Release|Any CPU
		{262AC590-F6D5-4B2C-BD61-BA3C46B3E2F7}.Release|Any CPU.Build.0 = Release|Any CPU
		{6515BE31-5E81-4089-B871-4675107F6350}.Debug|Any CPU.ActiveCfg = Debug|Any CPU
		{6515BE31-5E81-4089-B871-4675107F6350}.Debug|Any CPU.Build.0 = Debug|Any CPU
		{6515BE31-5E81-4089-B871-4675107F6350}.Release|Any CPU.ActiveCfg = Release|Any CPU
		{6515BE31-5E81-4089-B871-4675107F6350}.Release|Any CPU.Build.0 = Release|Any CPU
		{FAA3253D-CC0C-4764-B4A5-CA3EE25F5CBF}.Debug|Any CPU.ActiveCfg = Debug|Any CPU
		{FAA3253D-CC0C-4764-B4A5-CA3EE25F5CBF}.Debug|Any CPU.Build.0 = Debug|Any CPU
		{FAA3253D-CC0C-4764-B4A5-CA3EE25F5CBF}.Release|Any CPU.ActiveCfg = Release|Any CPU
		{FAA3253D-CC0C-4764-B4A5-CA3EE25F5CBF}.Release|Any CPU.Build.0 = Release|Any CPU
		{926269D4-B146-409F-A2D4-CC4BD4171960}.Debug|Any CPU.ActiveCfg = Debug|Any CPU
		{926269D4-B146-409F-A2D4-CC4BD4171960}.Debug|Any CPU.Build.0 = Debug|Any CPU
		{926269D4-B146-409F-A2D4-CC4BD4171960}.Release|Any CPU.ActiveCfg = Release|Any CPU
		{926269D4-B146-409F-A2D4-CC4BD4171960}.Release|Any CPU.Build.0 = Release|Any CPU
		{92E465E1-F6A8-4525-9BD9-B044052F439B}.Debug|Any CPU.ActiveCfg = Debug|Any CPU
		{92E465E1-F6A8-4525-9BD9-B044052F439B}.Debug|Any CPU.Build.0 = Debug|Any CPU
		{92E465E1-F6A8-4525-9BD9-B044052F439B}.Release|Any CPU.ActiveCfg = Release|Any CPU
		{92E465E1-F6A8-4525-9BD9-B044052F439B}.Release|Any CPU.Build.0 = Release|Any CPU
	EndGlobalSection
	GlobalSection(SolutionProperties) = preSolution
		HideSolutionNode = FALSE
	EndGlobalSection
	GlobalSection(NestedProjects) = preSolution
		{F0BB9FC7-C1CC-48A9-B44E-B9112D5414DE} = {9A8304C3-7B55-4C44-997F-BB8CA60B1297}
		{2956D132-FD4C-437A-8CF9-431E41EBB704} = {9A8304C3-7B55-4C44-997F-BB8CA60B1297}
		{959D7663-AE6B-421C-95E9-52E738D952E9} = {9A8304C3-7B55-4C44-997F-BB8CA60B1297}
		{EBE2EBAB-AFC4-44C9-B53F-F1D24D6A9892} = {9A8304C3-7B55-4C44-997F-BB8CA60B1297}
		{842377A5-F949-49BA-B40E-FF31CA62DB47} = {2956D132-FD4C-437A-8CF9-431E41EBB704}
		{289454CA-6F5E-44D2-8E21-26AC60376287} = {2956D132-FD4C-437A-8CF9-431E41EBB704}
		{C1B9F86C-D459-43A5-841A-2EBD4A2F663B} = {448B9D7E-E513-431B-94BC-CBE4223835DC}
		{46528DB7-94C5-43FC-9EC0-1B86B659EC15} = {9A8304C3-7B55-4C44-997F-BB8CA60B1297}
		{F5CF26BE-48FC-451F-B2B2-CF3FFEDB4F02} = {46528DB7-94C5-43FC-9EC0-1B86B659EC15}
		{4A90F4ED-A851-48E6-8C9E-BC145BCB5B1F} = {F0BB9FC7-C1CC-48A9-B44E-B9112D5414DE}
		{A21FB6AF-E6B0-41BD-A7A5-EFCA74B723F9} = {842377A5-F949-49BA-B40E-FF31CA62DB47}
		{B919FAA5-8A03-4741-A87D-5380D56B76D8} = {289454CA-6F5E-44D2-8E21-26AC60376287}
		{0685F8D3-2F11-4F33-8B48-93FBE168508E} = {959D7663-AE6B-421C-95E9-52E738D952E9}
		{262AC590-F6D5-4B2C-BD61-BA3C46B3E2F7} = {959D7663-AE6B-421C-95E9-52E738D952E9}
		{6515BE31-5E81-4089-B871-4675107F6350} = {EBE2EBAB-AFC4-44C9-B53F-F1D24D6A9892}
		{FAA3253D-CC0C-4764-B4A5-CA3EE25F5CBF} = {EBE2EBAB-AFC4-44C9-B53F-F1D24D6A9892}
		{926269D4-B146-409F-A2D4-CC4BD4171960} = {EBE2EBAB-AFC4-44C9-B53F-F1D24D6A9892}
		{92E465E1-F6A8-4525-9BD9-B044052F439B} = {448B9D7E-E513-431B-94BC-CBE4223835DC}
	EndGlobalSection
	GlobalSection(ExtensibilityGlobals) = postSolution
		SolutionGuid = {CF572BDB-80A3-4116-AC39-14F70437D1AF}
	EndGlobalSection
EndGlobal
