
Microsoft Visual Studio Solution File, Format Version 12.00
# Visual Studio Version 17
VisualStudioVersion = 17.7.34031.279
MinimumVisualStudioVersion = 10.0.40219.1
Project("{2150E333-8FDC-42A3-9474-1A3956D46DE8}") = "Source", "Source", "{9A8304C3-7B55-4C44-997F-BB8CA60B1297}"
EndProject
Project("{2150E333-8FDC-42A3-9474-1A3956D46DE8}") = "Tests", "Tests", "{448B9D7E-E513-431B-94BC-CBE4223835DC}"
EndProject
Project("{2150E333-8FDC-42A3-9474-1A3956D46DE8}") = "3-Cross Cutting Concerns", "3-Cross Cutting Concerns", "{F0BB9FC7-C1CC-48A9-B44E-B9112D5414DE}"
EndProject
Project("{2150E333-8FDC-42A3-9474-1A3956D46DE8}") = "2-Adapters", "2-Adapters", "{2956D132-FD4C-437A-8CF9-431E41EBB704}"
EndProject
Project("{2150E333-8FDC-42A3-9474-1A3956D46DE8}") = "1-Application", "1-Application", "{959D7663-AE6B-421C-95E9-52E738D952E9}"
EndProject
Project("{2150E333-8FDC-42A3-9474-1A3956D46DE8}") = "0-Domain", "0-Domain", "{EBE2EBAB-AFC4-44C9-B53F-F1D24D6A9892}"
EndProject
Project("{9A19103F-16F7-4668-BE54-9A1E7A4F7556}") = "Presentation.Controllers", "Presentation.Controllers\Presentation.Controllers.csproj", "{AE10851C-74DC-474A-A116-C9ED7B22B8E5}"
EndProject
Project("{2150E333-8FDC-42A3-9474-1A3956D46DE8}") = "Presentation", "Presentation", "{842377A5-F949-49BA-B40E-FF31CA62DB47}"
EndProject
Project("{2150E333-8FDC-42A3-9474-1A3956D46DE8}") = "Infrastructure", "Infrastructure", "{289454CA-6F5E-44D2-8E21-26AC60376287}"
EndProject
Project("{9A19103F-16F7-4668-BE54-9A1E7A4F7556}") = "SmallTransit.Abstractions", "Application.Common\SmallTransit.Abstractions.csproj", "{6CDCBA77-A3EC-4102-AFB4-BF8DC7D8D30C}"
EndProject
Project("{9A19103F-16F7-4668-BE54-9A1E7A4F7556}") = "Domain.ProtoTransit", "Domain.ProtoTransit\Domain.ProtoTransit.csproj", "{F98500D6-6864-467A-8EE3-CD59EE98E244}"
EndProject
Project("{9A19103F-16F7-4668-BE54-9A1E7A4F7556}") = "Infrastructure.TcpClient", "Infrastructure.TcpClient\Infrastructure.TcpClient.csproj", "{B2BCED6F-3C1E-419B-B34A-5FE844193A7B}"
EndProject
Project("{9A19103F-16F7-4668-BE54-9A1E7A4F7556}") = "Domain.Common", "Domain.Common\Domain.Common.csproj", "{CA5D9D3D-6826-4253-8966-17B3A6136845}"
EndProject
Project("{9A19103F-16F7-4668-BE54-9A1E7A4F7556}") = "Application.Services", "Application.Services\Application.Services.csproj", "{984994E6-954C-4267-87BE-3274384D7780}"
EndProject
Project("{9A19103F-16F7-4668-BE54-9A1E7A4F7556}") = "Application.UseCases", "Application.Usecases\Application.UseCases.csproj", "{A32DF4D6-ADD8-4EB4-8164-816C00C0461F}"
EndProject
Project("{9A19103F-16F7-4668-BE54-9A1E7A4F7556}") = "Domain.Services", "Domain.Services\Domain.Services.csproj", "{EFFC358C-384F-4D9A-A342-001DE14F8191}"
EndProject
Project("{9A19103F-16F7-4668-BE54-9A1E7A4F7556}") = "Domain.ProtoTransitTests", "Domain.ProtoTransitTests\Domain.ProtoTransitTests.csproj", "{C1B9F86C-D459-43A5-841A-2EBD4A2F663B}"
EndProject
Project("{2150E333-8FDC-42A3-9474-1A3956D46DE8}") = "01 abstraction", "01 abstraction", "{46528DB7-94C5-43FC-9EC0-1B86B659EC15}"
EndProject
Project("{9A19103F-16F7-4668-BE54-9A1E7A4F7556}") = "Configuration", "Configuration\Configuration.csproj", "{7BA83B15-F8F7-4B83-98E4-118BF9C4CA28}"
EndProject
Global
	GlobalSection(SolutionConfigurationPlatforms) = preSolution
		Debug|Any CPU = Debug|Any CPU
		Release|Any CPU = Release|Any CPU
	EndGlobalSection
	GlobalSection(ProjectConfigurationPlatforms) = postSolution
		{AE10851C-74DC-474A-A116-C9ED7B22B8E5}.Debug|Any CPU.ActiveCfg = Debug|Any CPU
		{AE10851C-74DC-474A-A116-C9ED7B22B8E5}.Debug|Any CPU.Build.0 = Debug|Any CPU
		{AE10851C-74DC-474A-A116-C9ED7B22B8E5}.Release|Any CPU.ActiveCfg = Release|Any CPU
		{AE10851C-74DC-474A-A116-C9ED7B22B8E5}.Release|Any CPU.Build.0 = Release|Any CPU
		{6CDCBA77-A3EC-4102-AFB4-BF8DC7D8D30C}.Debug|Any CPU.ActiveCfg = Debug|Any CPU
		{6CDCBA77-A3EC-4102-AFB4-BF8DC7D8D30C}.Debug|Any CPU.Build.0 = Debug|Any CPU
		{6CDCBA77-A3EC-4102-AFB4-BF8DC7D8D30C}.Release|Any CPU.ActiveCfg = Release|Any CPU
		{6CDCBA77-A3EC-4102-AFB4-BF8DC7D8D30C}.Release|Any CPU.Build.0 = Release|Any CPU
		{F98500D6-6864-467A-8EE3-CD59EE98E244}.Debug|Any CPU.ActiveCfg = Debug|Any CPU
		{F98500D6-6864-467A-8EE3-CD59EE98E244}.Debug|Any CPU.Build.0 = Debug|Any CPU
		{F98500D6-6864-467A-8EE3-CD59EE98E244}.Release|Any CPU.ActiveCfg = Release|Any CPU
		{F98500D6-6864-467A-8EE3-CD59EE98E244}.Release|Any CPU.Build.0 = Release|Any CPU
		{B2BCED6F-3C1E-419B-B34A-5FE844193A7B}.Debug|Any CPU.ActiveCfg = Debug|Any CPU
		{B2BCED6F-3C1E-419B-B34A-5FE844193A7B}.Debug|Any CPU.Build.0 = Debug|Any CPU
		{B2BCED6F-3C1E-419B-B34A-5FE844193A7B}.Release|Any CPU.ActiveCfg = Release|Any CPU
		{B2BCED6F-3C1E-419B-B34A-5FE844193A7B}.Release|Any CPU.Build.0 = Release|Any CPU
		{CA5D9D3D-6826-4253-8966-17B3A6136845}.Debug|Any CPU.ActiveCfg = Debug|Any CPU
		{CA5D9D3D-6826-4253-8966-17B3A6136845}.Debug|Any CPU.Build.0 = Debug|Any CPU
		{CA5D9D3D-6826-4253-8966-17B3A6136845}.Release|Any CPU.ActiveCfg = Release|Any CPU
		{CA5D9D3D-6826-4253-8966-17B3A6136845}.Release|Any CPU.Build.0 = Release|Any CPU
		{984994E6-954C-4267-87BE-3274384D7780}.Debug|Any CPU.ActiveCfg = Debug|Any CPU
		{984994E6-954C-4267-87BE-3274384D7780}.Debug|Any CPU.Build.0 = Debug|Any CPU
		{984994E6-954C-4267-87BE-3274384D7780}.Release|Any CPU.ActiveCfg = Release|Any CPU
		{984994E6-954C-4267-87BE-3274384D7780}.Release|Any CPU.Build.0 = Release|Any CPU
		{A32DF4D6-ADD8-4EB4-8164-816C00C0461F}.Debug|Any CPU.ActiveCfg = Debug|Any CPU
		{A32DF4D6-ADD8-4EB4-8164-816C00C0461F}.Debug|Any CPU.Build.0 = Debug|Any CPU
		{A32DF4D6-ADD8-4EB4-8164-816C00C0461F}.Release|Any CPU.ActiveCfg = Release|Any CPU
		{A32DF4D6-ADD8-4EB4-8164-816C00C0461F}.Release|Any CPU.Build.0 = Release|Any CPU
		{EFFC358C-384F-4D9A-A342-001DE14F8191}.Debug|Any CPU.ActiveCfg = Debug|Any CPU
		{EFFC358C-384F-4D9A-A342-001DE14F8191}.Debug|Any CPU.Build.0 = Debug|Any CPU
		{EFFC358C-384F-4D9A-A342-001DE14F8191}.Release|Any CPU.ActiveCfg = Release|Any CPU
		{EFFC358C-384F-4D9A-A342-001DE14F8191}.Release|Any CPU.Build.0 = Release|Any CPU
		{C1B9F86C-D459-43A5-841A-2EBD4A2F663B}.Debug|Any CPU.ActiveCfg = Debug|Any CPU
		{C1B9F86C-D459-43A5-841A-2EBD4A2F663B}.Debug|Any CPU.Build.0 = Debug|Any CPU
		{C1B9F86C-D459-43A5-841A-2EBD4A2F663B}.Release|Any CPU.ActiveCfg = Release|Any CPU
		{C1B9F86C-D459-43A5-841A-2EBD4A2F663B}.Release|Any CPU.Build.0 = Release|Any CPU
		{7BA83B15-F8F7-4B83-98E4-118BF9C4CA28}.Debug|Any CPU.ActiveCfg = Debug|Any CPU
		{7BA83B15-F8F7-4B83-98E4-118BF9C4CA28}.Debug|Any CPU.Build.0 = Debug|Any CPU
		{7BA83B15-F8F7-4B83-98E4-118BF9C4CA28}.Release|Any CPU.ActiveCfg = Release|Any CPU
		{7BA83B15-F8F7-4B83-98E4-118BF9C4CA28}.Release|Any CPU.Build.0 = Release|Any CPU
	EndGlobalSection
	GlobalSection(SolutionProperties) = preSolution
		HideSolutionNode = FALSE
	EndGlobalSection
	GlobalSection(NestedProjects) = preSolution
		{F0BB9FC7-C1CC-48A9-B44E-B9112D5414DE} = {9A8304C3-7B55-4C44-997F-BB8CA60B1297}
		{2956D132-FD4C-437A-8CF9-431E41EBB704} = {9A8304C3-7B55-4C44-997F-BB8CA60B1297}
		{959D7663-AE6B-421C-95E9-52E738D952E9} = {9A8304C3-7B55-4C44-997F-BB8CA60B1297}
		{EBE2EBAB-AFC4-44C9-B53F-F1D24D6A9892} = {9A8304C3-7B55-4C44-997F-BB8CA60B1297}
		{AE10851C-74DC-474A-A116-C9ED7B22B8E5} = {842377A5-F949-49BA-B40E-FF31CA62DB47}
		{842377A5-F949-49BA-B40E-FF31CA62DB47} = {2956D132-FD4C-437A-8CF9-431E41EBB704}
		{289454CA-6F5E-44D2-8E21-26AC60376287} = {2956D132-FD4C-437A-8CF9-431E41EBB704}
		{6CDCBA77-A3EC-4102-AFB4-BF8DC7D8D30C} = {46528DB7-94C5-43FC-9EC0-1B86B659EC15}
		{F98500D6-6864-467A-8EE3-CD59EE98E244} = {EBE2EBAB-AFC4-44C9-B53F-F1D24D6A9892}
		{B2BCED6F-3C1E-419B-B34A-5FE844193A7B} = {289454CA-6F5E-44D2-8E21-26AC60376287}
		{CA5D9D3D-6826-4253-8966-17B3A6136845} = {EBE2EBAB-AFC4-44C9-B53F-F1D24D6A9892}
		{984994E6-954C-4267-87BE-3274384D7780} = {959D7663-AE6B-421C-95E9-52E738D952E9}
		{A32DF4D6-ADD8-4EB4-8164-816C00C0461F} = {959D7663-AE6B-421C-95E9-52E738D952E9}
		{EFFC358C-384F-4D9A-A342-001DE14F8191} = {EBE2EBAB-AFC4-44C9-B53F-F1D24D6A9892}
		{C1B9F86C-D459-43A5-841A-2EBD4A2F663B} = {448B9D7E-E513-431B-94BC-CBE4223835DC}
		{46528DB7-94C5-43FC-9EC0-1B86B659EC15} = {9A8304C3-7B55-4C44-997F-BB8CA60B1297}
		{7BA83B15-F8F7-4B83-98E4-118BF9C4CA28} = {F0BB9FC7-C1CC-48A9-B44E-B9112D5414DE}
	EndGlobalSection
	GlobalSection(ExtensibilityGlobals) = postSolution
		SolutionGuid = {CF572BDB-80A3-4116-AC39-14F70437D1AF}
	EndGlobalSection
EndGlobal
