
Microsoft Visual Studio Solution File, Format Version 12.00
# Visual Studio Version 17
VisualStudioVersion = 17.5.33414.496
MinimumVisualStudioVersion = 10.0.40219.1
Project("{9A19103F-16F7-4668-BE54-9A1E7A4F7556}") = "PublisherTest", "PublisherTest\PublisherTest.csproj", "{30B57FA7-A91E-4D83-987A-B1823277A632}"
EndProject
Project("{2150E333-8FDC-42A3-9474-1A3956D46DE8}") = "0-Domain", "0-Domain", "{C8B0428C-5CD2-43FB-821E-0F87AF4B9617}"
EndProject
Project("{2150E333-8FDC-42A3-9474-1A3956D46DE8}") = "1-Application", "1-Application", "{439DB870-8429-46B0-A3DB-53462A31BA06}"
EndProject
Project("{2150E333-8FDC-42A3-9474-1A3956D46DE8}") = "2-Adapters", "2-Adapters", "{6D7C6FB8-B40D-4007-A578-3C47A4735C92}"
EndProject
Project("{2150E333-8FDC-42A3-9474-1A3956D46DE8}") = "3-C&C", "3-C&C", "{A2DF0ED3-BAB2-415E-9EB5-859FDE4DB99F}"
EndProject
Project("{2150E333-8FDC-42A3-9474-1A3956D46DE8}") = "Tests", "Tests", "{AF667B77-3035-45D6-BFA4-07D89C7EF68C}"
EndProject
Project("{2150E333-8FDC-42A3-9474-1A3956D46DE8}") = "Presentation", "Presentation", "{83C01EBF-3617-4FE3-823D-E997BDF71091}"
EndProject
Project("{2150E333-8FDC-42A3-9474-1A3956D46DE8}") = "Infrastructure", "Infrastructure", "{D9CD5E60-E315-4436-8361-C7CD31BC67B7}"
EndProject
Project("{9A19103F-16F7-4668-BE54-9A1E7A4F7556}") = "Configuration", "Configuration\Configuration.csproj", "{08CAA134-A837-482A-9AA9-B0061EB454D9}"
EndProject
Project("{9A19103F-16F7-4668-BE54-9A1E7A4F7556}") = "Presentation.Controllers.Rest", "Presentation.Controllers.Rest\Presentation.Controllers.Rest.csproj", "{DFE4D5E8-586F-4D86-8AA9-790E3F8D9875}"
EndProject
Project("{9A19103F-16F7-4668-BE54-9A1E7A4F7556}") = "Application.Dtos", "Application.Dtos\Application.Dtos.csproj", "{16780967-B54D-47AC-914E-8A5A6D2710EC}"
EndProject
Project("{9A19103F-16F7-4668-BE54-9A1E7A4F7556}") = "Domain.Common", "Domain.Common\Domain.Common.csproj", "{C03943A2-361F-422B-AEEB-2A0FC8596582}"
EndProject
Project("{9A19103F-16F7-4668-BE54-9A1E7A4F7556}") = "Domain.Publicity", "Domain.Publicity\Domain.Publicity.csproj", "{A67C82D3-2350-4149-9F87-D09E5A038171}"
EndProject
Project("{9A19103F-16F7-4668-BE54-9A1E7A4F7556}") = "Domain.Factories", "Domain.Factories\Domain.Factories.csproj", "{ACE3CFAB-129A-4626-B76E-B8D819C55C93}"
EndProject
Project("{9A19103F-16F7-4668-BE54-9A1E7A4F7556}") = "Application.Mappers", "Application.Mappers\Application.Mappers.csproj", "{38938C43-0762-48E2-BDDF-8A2B1C4D14AC}"
EndProject
Project("{9A19103F-16F7-4668-BE54-9A1E7A4F7556}") = "Infrastructure.FileHandlers", "Infrastructure.FileHandlers\Infrastructure.FileHandlers.csproj", "{A7407B58-C3C5-426E-BB6D-DDEDFCCBE070}"
EndProject
Project("{FAE04EC0-301F-11D3-BF4B-00C04F79EFBC}") = "Infrastructure.Clients.Rest", "Infrastructure.Clients.Rest\Infrastructure.Clients.Rest.csproj", "{B17550FF-D4DA-4607-9585-2143E1ACED67}"
EndProject
Project("{9A19103F-16F7-4668-BE54-9A1E7A4F7556}") = "Infrastructure.Clients.Tcp", "Infrastructure.Clients.Tcp\Infrastructure.Clients.Tcp.csproj", "{A0BEB1D1-DF5B-4EC9-AE56-81EAB54B37FE}"
EndProject
Project("{9A19103F-16F7-4668-BE54-9A1E7A4F7556}") = "Presentation.Controllers.Tcp", "Presentation.Controllers.Tcp\Presentation.Controllers.Tcp.csproj", "{98063F7C-27C2-4998-8E3A-E91FFB1652F1}"
EndProject
Project("{FAE04EC0-301F-11D3-BF4B-00C04F79EFBC}") = "Application.Orchestrator", "Application.Orchestrator\Application.Orchestrator.csproj", "{A71274AE-BED2-4F0C-BD62-1E8D1D6F54EE}"
EndProject
Project("{FAE04EC0-301F-11D3-BF4B-00C04F79EFBC}") = "Application.Reducer", "Application.Reducer\Application.Reducer.csproj", "{14810B78-9815-4B1D-9849-8DD205B9F3BE}"
EndProject
Project("{FAE04EC0-301F-11D3-BF4B-00C04F79EFBC}") = "Application.Common", "Application.Common\Application.Common.csproj", "{59F1EA6C-4747-48A6-B85C-3ADD35B735E3}"
EndProject
Project("{FAE04EC0-301F-11D3-BF4B-00C04F79EFBC}") = "Infrastructure.Cache", "Infrastructure.Cache\Infrastructure.Cache.csproj", "{F4A580FF-798B-4065-98CA-758BC59375CC}"
EndProject
Project("{FAE04EC0-301F-11D3-BF4B-00C04F79EFBC}") = "Domain.Orchestrating", "Domain.Orchestrating\Domain.Orchestrating.csproj", "{31351BEC-9006-42DF-976F-74E27AD0E915}"
EndProject
Project("{9A19103F-16F7-4668-BE54-9A1E7A4F7556}") = "Application.Map", "Application.Map\Application.Map.csproj", "{9E9C26E9-3F2A-4227-B3C3-320BFC94E3C2}"
EndProject
Project("{FAE04EC0-301F-11D3-BF4B-00C04F79EFBC}") = "Domain.Grouping", "Domain.Barycentre\Domain.Grouping.csproj", "{64AB8FAA-8A61-40A7-882C-C572C635D986}"
EndProject
Project("{FAE04EC0-301F-11D3-BF4B-00C04F79EFBC}") = "Domain.Services", "Domain.Services\Domain.Services.csproj", "{56F9D513-AC03-4E67-80F8-9CC26F45F4F3}"
EndProject
Project("{9A19103F-16F7-4668-BE54-9A1E7A4F7556}") = "Application.Commands", "Application.Commands\Application.Commands.csproj", "{DD8AC9E0-AFF7-4092-B9E2-F16055554DB5}"
EndProject
Project("{FAE04EC0-301F-11D3-BF4B-00C04F79EFBC}") = "Application.Queries", "Application.Queries\Application.Queries.csproj", "{7F82003B-55D0-4758-A70D-A057C6A51FFA}"
EndProject
Global
	GlobalSection(SolutionConfigurationPlatforms) = preSolution
		Debug|Any CPU = Debug|Any CPU
		Release|Any CPU = Release|Any CPU
	EndGlobalSection
	GlobalSection(ProjectConfigurationPlatforms) = postSolution
		{30B57FA7-A91E-4D83-987A-B1823277A632}.Debug|Any CPU.ActiveCfg = Debug|Any CPU
		{30B57FA7-A91E-4D83-987A-B1823277A632}.Debug|Any CPU.Build.0 = Debug|Any CPU
		{30B57FA7-A91E-4D83-987A-B1823277A632}.Release|Any CPU.ActiveCfg = Release|Any CPU
		{30B57FA7-A91E-4D83-987A-B1823277A632}.Release|Any CPU.Build.0 = Release|Any CPU
		{08CAA134-A837-482A-9AA9-B0061EB454D9}.Debug|Any CPU.ActiveCfg = Debug|Any CPU
		{08CAA134-A837-482A-9AA9-B0061EB454D9}.Debug|Any CPU.Build.0 = Debug|Any CPU
		{08CAA134-A837-482A-9AA9-B0061EB454D9}.Release|Any CPU.ActiveCfg = Release|Any CPU
		{08CAA134-A837-482A-9AA9-B0061EB454D9}.Release|Any CPU.Build.0 = Release|Any CPU
		{DFE4D5E8-586F-4D86-8AA9-790E3F8D9875}.Debug|Any CPU.ActiveCfg = Debug|Any CPU
		{DFE4D5E8-586F-4D86-8AA9-790E3F8D9875}.Debug|Any CPU.Build.0 = Debug|Any CPU
		{DFE4D5E8-586F-4D86-8AA9-790E3F8D9875}.Release|Any CPU.ActiveCfg = Release|Any CPU
		{DFE4D5E8-586F-4D86-8AA9-790E3F8D9875}.Release|Any CPU.Build.0 = Release|Any CPU
		{16780967-B54D-47AC-914E-8A5A6D2710EC}.Debug|Any CPU.ActiveCfg = Debug|Any CPU
		{16780967-B54D-47AC-914E-8A5A6D2710EC}.Debug|Any CPU.Build.0 = Debug|Any CPU
		{16780967-B54D-47AC-914E-8A5A6D2710EC}.Release|Any CPU.ActiveCfg = Release|Any CPU
		{16780967-B54D-47AC-914E-8A5A6D2710EC}.Release|Any CPU.Build.0 = Release|Any CPU
		{C03943A2-361F-422B-AEEB-2A0FC8596582}.Debug|Any CPU.ActiveCfg = Debug|Any CPU
		{C03943A2-361F-422B-AEEB-2A0FC8596582}.Debug|Any CPU.Build.0 = Debug|Any CPU
		{C03943A2-361F-422B-AEEB-2A0FC8596582}.Release|Any CPU.ActiveCfg = Release|Any CPU
		{C03943A2-361F-422B-AEEB-2A0FC8596582}.Release|Any CPU.Build.0 = Release|Any CPU
		{A67C82D3-2350-4149-9F87-D09E5A038171}.Debug|Any CPU.ActiveCfg = Debug|Any CPU
		{A67C82D3-2350-4149-9F87-D09E5A038171}.Debug|Any CPU.Build.0 = Debug|Any CPU
		{A67C82D3-2350-4149-9F87-D09E5A038171}.Release|Any CPU.ActiveCfg = Release|Any CPU
		{A67C82D3-2350-4149-9F87-D09E5A038171}.Release|Any CPU.Build.0 = Release|Any CPU
		{ACE3CFAB-129A-4626-B76E-B8D819C55C93}.Debug|Any CPU.ActiveCfg = Debug|Any CPU
		{ACE3CFAB-129A-4626-B76E-B8D819C55C93}.Debug|Any CPU.Build.0 = Debug|Any CPU
		{ACE3CFAB-129A-4626-B76E-B8D819C55C93}.Release|Any CPU.ActiveCfg = Release|Any CPU
		{ACE3CFAB-129A-4626-B76E-B8D819C55C93}.Release|Any CPU.Build.0 = Release|Any CPU
		{38938C43-0762-48E2-BDDF-8A2B1C4D14AC}.Debug|Any CPU.ActiveCfg = Debug|Any CPU
		{38938C43-0762-48E2-BDDF-8A2B1C4D14AC}.Debug|Any CPU.Build.0 = Debug|Any CPU
		{38938C43-0762-48E2-BDDF-8A2B1C4D14AC}.Release|Any CPU.ActiveCfg = Release|Any CPU
		{38938C43-0762-48E2-BDDF-8A2B1C4D14AC}.Release|Any CPU.Build.0 = Release|Any CPU
		{A7407B58-C3C5-426E-BB6D-DDEDFCCBE070}.Debug|Any CPU.ActiveCfg = Debug|Any CPU
		{A7407B58-C3C5-426E-BB6D-DDEDFCCBE070}.Debug|Any CPU.Build.0 = Debug|Any CPU
		{A7407B58-C3C5-426E-BB6D-DDEDFCCBE070}.Release|Any CPU.ActiveCfg = Release|Any CPU
		{A7407B58-C3C5-426E-BB6D-DDEDFCCBE070}.Release|Any CPU.Build.0 = Release|Any CPU
		{B17550FF-D4DA-4607-9585-2143E1ACED67}.Debug|Any CPU.ActiveCfg = Debug|Any CPU
		{B17550FF-D4DA-4607-9585-2143E1ACED67}.Debug|Any CPU.Build.0 = Debug|Any CPU
		{B17550FF-D4DA-4607-9585-2143E1ACED67}.Release|Any CPU.ActiveCfg = Release|Any CPU
		{B17550FF-D4DA-4607-9585-2143E1ACED67}.Release|Any CPU.Build.0 = Release|Any CPU
		{A0BEB1D1-DF5B-4EC9-AE56-81EAB54B37FE}.Debug|Any CPU.ActiveCfg = Debug|Any CPU
		{A0BEB1D1-DF5B-4EC9-AE56-81EAB54B37FE}.Debug|Any CPU.Build.0 = Debug|Any CPU
		{A0BEB1D1-DF5B-4EC9-AE56-81EAB54B37FE}.Release|Any CPU.ActiveCfg = Release|Any CPU
		{A0BEB1D1-DF5B-4EC9-AE56-81EAB54B37FE}.Release|Any CPU.Build.0 = Release|Any CPU
		{98063F7C-27C2-4998-8E3A-E91FFB1652F1}.Debug|Any CPU.ActiveCfg = Debug|Any CPU
		{98063F7C-27C2-4998-8E3A-E91FFB1652F1}.Debug|Any CPU.Build.0 = Debug|Any CPU
		{98063F7C-27C2-4998-8E3A-E91FFB1652F1}.Release|Any CPU.ActiveCfg = Release|Any CPU
		{98063F7C-27C2-4998-8E3A-E91FFB1652F1}.Release|Any CPU.Build.0 = Release|Any CPU
		{A71274AE-BED2-4F0C-BD62-1E8D1D6F54EE}.Debug|Any CPU.ActiveCfg = Debug|Any CPU
		{A71274AE-BED2-4F0C-BD62-1E8D1D6F54EE}.Debug|Any CPU.Build.0 = Debug|Any CPU
		{A71274AE-BED2-4F0C-BD62-1E8D1D6F54EE}.Release|Any CPU.ActiveCfg = Release|Any CPU
		{A71274AE-BED2-4F0C-BD62-1E8D1D6F54EE}.Release|Any CPU.Build.0 = Release|Any CPU
		{14810B78-9815-4B1D-9849-8DD205B9F3BE}.Debug|Any CPU.ActiveCfg = Debug|Any CPU
		{14810B78-9815-4B1D-9849-8DD205B9F3BE}.Debug|Any CPU.Build.0 = Debug|Any CPU
		{14810B78-9815-4B1D-9849-8DD205B9F3BE}.Release|Any CPU.ActiveCfg = Release|Any CPU
		{14810B78-9815-4B1D-9849-8DD205B9F3BE}.Release|Any CPU.Build.0 = Release|Any CPU
		{59F1EA6C-4747-48A6-B85C-3ADD35B735E3}.Debug|Any CPU.ActiveCfg = Debug|Any CPU
		{59F1EA6C-4747-48A6-B85C-3ADD35B735E3}.Debug|Any CPU.Build.0 = Debug|Any CPU
		{59F1EA6C-4747-48A6-B85C-3ADD35B735E3}.Release|Any CPU.ActiveCfg = Release|Any CPU
		{59F1EA6C-4747-48A6-B85C-3ADD35B735E3}.Release|Any CPU.Build.0 = Release|Any CPU
		{F4A580FF-798B-4065-98CA-758BC59375CC}.Debug|Any CPU.ActiveCfg = Debug|Any CPU
		{F4A580FF-798B-4065-98CA-758BC59375CC}.Debug|Any CPU.Build.0 = Debug|Any CPU
		{F4A580FF-798B-4065-98CA-758BC59375CC}.Release|Any CPU.ActiveCfg = Release|Any CPU
		{F4A580FF-798B-4065-98CA-758BC59375CC}.Release|Any CPU.Build.0 = Release|Any CPU
		{31351BEC-9006-42DF-976F-74E27AD0E915}.Debug|Any CPU.ActiveCfg = Debug|Any CPU
		{31351BEC-9006-42DF-976F-74E27AD0E915}.Debug|Any CPU.Build.0 = Debug|Any CPU
		{31351BEC-9006-42DF-976F-74E27AD0E915}.Release|Any CPU.ActiveCfg = Release|Any CPU
		{31351BEC-9006-42DF-976F-74E27AD0E915}.Release|Any CPU.Build.0 = Release|Any CPU
		{9E9C26E9-3F2A-4227-B3C3-320BFC94E3C2}.Debug|Any CPU.ActiveCfg = Debug|Any CPU
		{9E9C26E9-3F2A-4227-B3C3-320BFC94E3C2}.Debug|Any CPU.Build.0 = Debug|Any CPU
		{9E9C26E9-3F2A-4227-B3C3-320BFC94E3C2}.Release|Any CPU.ActiveCfg = Release|Any CPU
		{9E9C26E9-3F2A-4227-B3C3-320BFC94E3C2}.Release|Any CPU.Build.0 = Release|Any CPU
		{64AB8FAA-8A61-40A7-882C-C572C635D986}.Debug|Any CPU.ActiveCfg = Debug|Any CPU
		{64AB8FAA-8A61-40A7-882C-C572C635D986}.Debug|Any CPU.Build.0 = Debug|Any CPU
		{64AB8FAA-8A61-40A7-882C-C572C635D986}.Release|Any CPU.ActiveCfg = Release|Any CPU
		{64AB8FAA-8A61-40A7-882C-C572C635D986}.Release|Any CPU.Build.0 = Release|Any CPU
		{56F9D513-AC03-4E67-80F8-9CC26F45F4F3}.Debug|Any CPU.ActiveCfg = Debug|Any CPU
		{56F9D513-AC03-4E67-80F8-9CC26F45F4F3}.Debug|Any CPU.Build.0 = Debug|Any CPU
		{56F9D513-AC03-4E67-80F8-9CC26F45F4F3}.Release|Any CPU.ActiveCfg = Release|Any CPU
		{56F9D513-AC03-4E67-80F8-9CC26F45F4F3}.Release|Any CPU.Build.0 = Release|Any CPU
		{DD8AC9E0-AFF7-4092-B9E2-F16055554DB5}.Debug|Any CPU.ActiveCfg = Debug|Any CPU
		{DD8AC9E0-AFF7-4092-B9E2-F16055554DB5}.Debug|Any CPU.Build.0 = Debug|Any CPU
		{DD8AC9E0-AFF7-4092-B9E2-F16055554DB5}.Release|Any CPU.ActiveCfg = Release|Any CPU
		{DD8AC9E0-AFF7-4092-B9E2-F16055554DB5}.Release|Any CPU.Build.0 = Release|Any CPU
		{7F82003B-55D0-4758-A70D-A057C6A51FFA}.Debug|Any CPU.ActiveCfg = Debug|Any CPU
		{7F82003B-55D0-4758-A70D-A057C6A51FFA}.Debug|Any CPU.Build.0 = Debug|Any CPU
		{7F82003B-55D0-4758-A70D-A057C6A51FFA}.Release|Any CPU.ActiveCfg = Release|Any CPU
		{7F82003B-55D0-4758-A70D-A057C6A51FFA}.Release|Any CPU.Build.0 = Release|Any CPU
	EndGlobalSection
	GlobalSection(SolutionProperties) = preSolution
		HideSolutionNode = FALSE
	EndGlobalSection
	GlobalSection(NestedProjects) = preSolution
		{30B57FA7-A91E-4D83-987A-B1823277A632} = {AF667B77-3035-45D6-BFA4-07D89C7EF68C}
		{83C01EBF-3617-4FE3-823D-E997BDF71091} = {6D7C6FB8-B40D-4007-A578-3C47A4735C92}
		{D9CD5E60-E315-4436-8361-C7CD31BC67B7} = {6D7C6FB8-B40D-4007-A578-3C47A4735C92}
		{08CAA134-A837-482A-9AA9-B0061EB454D9} = {A2DF0ED3-BAB2-415E-9EB5-859FDE4DB99F}
		{DFE4D5E8-586F-4D86-8AA9-790E3F8D9875} = {83C01EBF-3617-4FE3-823D-E997BDF71091}
		{16780967-B54D-47AC-914E-8A5A6D2710EC} = {439DB870-8429-46B0-A3DB-53462A31BA06}
		{C03943A2-361F-422B-AEEB-2A0FC8596582} = {C8B0428C-5CD2-43FB-821E-0F87AF4B9617}
		{A67C82D3-2350-4149-9F87-D09E5A038171} = {C8B0428C-5CD2-43FB-821E-0F87AF4B9617}
		{ACE3CFAB-129A-4626-B76E-B8D819C55C93} = {C8B0428C-5CD2-43FB-821E-0F87AF4B9617}
		{38938C43-0762-48E2-BDDF-8A2B1C4D14AC} = {439DB870-8429-46B0-A3DB-53462A31BA06}
		{A7407B58-C3C5-426E-BB6D-DDEDFCCBE070} = {D9CD5E60-E315-4436-8361-C7CD31BC67B7}
		{B17550FF-D4DA-4607-9585-2143E1ACED67} = {D9CD5E60-E315-4436-8361-C7CD31BC67B7}
		{A0BEB1D1-DF5B-4EC9-AE56-81EAB54B37FE} = {D9CD5E60-E315-4436-8361-C7CD31BC67B7}
		{98063F7C-27C2-4998-8E3A-E91FFB1652F1} = {83C01EBF-3617-4FE3-823D-E997BDF71091}
		{A71274AE-BED2-4F0C-BD62-1E8D1D6F54EE} = {439DB870-8429-46B0-A3DB-53462A31BA06}
		{14810B78-9815-4B1D-9849-8DD205B9F3BE} = {439DB870-8429-46B0-A3DB-53462A31BA06}
		{59F1EA6C-4747-48A6-B85C-3ADD35B735E3} = {439DB870-8429-46B0-A3DB-53462A31BA06}
		{F4A580FF-798B-4065-98CA-758BC59375CC} = {D9CD5E60-E315-4436-8361-C7CD31BC67B7}
		{31351BEC-9006-42DF-976F-74E27AD0E915} = {C8B0428C-5CD2-43FB-821E-0F87AF4B9617}
		{9E9C26E9-3F2A-4227-B3C3-320BFC94E3C2} = {439DB870-8429-46B0-A3DB-53462A31BA06}
		{64AB8FAA-8A61-40A7-882C-C572C635D986} = {C8B0428C-5CD2-43FB-821E-0F87AF4B9617}
		{56F9D513-AC03-4E67-80F8-9CC26F45F4F3} = {C8B0428C-5CD2-43FB-821E-0F87AF4B9617}
		{DD8AC9E0-AFF7-4092-B9E2-F16055554DB5} = {439DB870-8429-46B0-A3DB-53462A31BA06}
		{7F82003B-55D0-4758-A70D-A057C6A51FFA} = {439DB870-8429-46B0-A3DB-53462A31BA06}
	EndGlobalSection
	GlobalSection(ExtensibilityGlobals) = postSolution
		SolutionGuid = {478C2AF6-3860-46B3-A8D0-0A67B7C23B66}
	EndGlobalSection
EndGlobal
